{
  "version": 1,
  "dependencies": {
    ".NETFramework,Version=v4.6.2": {
      "Digitalroot.Valheim.Common.References": {
        "type": "Direct",
        "requested": "[0.216.902, )",
        "resolved": "0.216.902",
        "contentHash": "JVCiFpGS5lwVYEAGt00CcK0c2JHN/hB9Ssx2rcDZBmxXf6eQEAC7mjTcnHc+AzG/fNLzZ6+1VV8PJuEp1yFYGQ=="
      },
      "YamlDotNet": {
        "type": "Direct",
        "requested": "[13.1.1, )",
        "resolved": "13.1.1",
        "contentHash": "3AS0fEwxOucP0h68JXMxfj3NyfgX9EOVE29NlKqKxWMHfKMAuZ7MWw5u362Bs6OALtnBTzi/JYIiMidQXoKVWw=="
      }
    }
  }
}